
Microsoft Visual Studio Solution File, Format Version 12.00
# Visual Studio Version 17
VisualStudioVersion = 17.7.34202.233
MinimumVisualStudioVersion = 10.0.40219.1
Project("{8BC9CEB8-8B4A-11D0-8D11-00A0C91BC942}") = "MIDIQt", "MIDIQt\MIDIQt.vcxproj", "{2B117143-1CF2-4BFD-8859-EEBD6B5681D0}"
EndProject
Global
	GlobalSection(SolutionConfigurationPlatforms) = preSolution
		Debug|x64 = Debug|x64
		Release|x64 = Release|x64
	EndGlobalSection
	GlobalSection(ProjectConfigurationPlatforms) = postSolution
		{2B117143-1CF2-4BFD-8859-EEBD6B5681D0}.Debug|x64.ActiveCfg = Debug|x64
		{2B117143-1CF2-4BFD-8859-EEBD6B5681D0}.Debug|x64.Build.0 = Debug|x64
		{2B117143-1CF2-4BFD-8859-EEBD6B5681D0}.Release|x64.ActiveCfg = Release|x64
		{2B117143-1CF2-4BFD-8859-EEBD6B5681D0}.Release|x64.Build.0 = Release|x64
	EndGlobalSection
	GlobalSection(SolutionProperties) = preSolution
		HideSolutionNode = FALSE
	EndGlobalSection
	GlobalSection(ExtensibilityGlobals) = postSolution
		SolutionGuid = {E3660B4D-CDB8-4350-B788-7C7029FEADF3}
	EndGlobalSection
EndGlobal
